{
    "_readme": [
        "This file locks the dependencies of your project to a known state",
        "Read more about it at http://getcomposer.org/doc/01-basic-usage.md#composer-lock-the-lock-file"
    ],
    "hash": "f7be47f65741264dcb47ed5483ce0630",
    "packages": [
        {
            "name": "dg/twitter-php",
            "version": "dev-master",
            "source": {
                "type": "git",
                "url": "https://github.com/dg/twitter-php.git",
                "reference": "3b381bfd186d5fc2a80f4e25be9ff2331ec8746e"
            },
            "dist": {
                "type": "zip",
                "url": "https://api.github.com/repos/dg/twitter-php/zipball/3b381bfd186d5fc2a80f4e25be9ff2331ec8746e",
                "reference": "3b381bfd186d5fc2a80f4e25be9ff2331ec8746e",
                "shasum": ""
            },
            "type": "library",
            "autoload": {
                "classmap": [
                    "src/"
                ]
            },
            "notification-url": "https://packagist.org/downloads/",
            "license": [
                "BSD-3"
            ],
            "authors": [
                {
                    "name": "David Grudl",
                    "homepage": "http://davidgrudl.com"
                }
            ],
            "description": "Small and easy Twitter wrapper for PHP.",
            "homepage": "https://github.com/dg/twitter-php",
            "keywords": [
                "oauth",
                "twitter"
            ],
            "time": "2013-06-17 14:42:46"
        },
        {
            "name": "symfony/yaml",
            "version": "dev-master",
            "target-dir": "Symfony/Component/Yaml",
            "source": {
                "type": "git",
                "url": "https://github.com/symfony/Yaml.git",
                "reference": "4d80b4f4c447e8ad7cab8b3afb0b51aad0431f7f"
            },
            "dist": {
                "type": "zip",
                "url": "https://api.github.com/repos/symfony/Yaml/zipball/4d80b4f4c447e8ad7cab8b3afb0b51aad0431f7f",
                "reference": "4d80b4f4c447e8ad7cab8b3afb0b51aad0431f7f",
                "shasum": ""
            },
            "require": {
                "php": ">=5.3.3"
            },
            "type": "library",
            "extra": {
                "branch-alias": {
                    "dev-master": "2.4-dev"
                }
            },
            "autoload": {
                "psr-0": {
                    "Symfony\\Component\\Yaml\\": ""
                }
            },
            "notification-url": "https://packagist.org/downloads/",
            "license": [
                "MIT"
            ],
            "authors": [
                {
                    "name": "Fabien Potencier",
                    "email": "fabien@symfony.com"
                },
                {
                    "name": "Symfony Community",
                    "homepage": "http://symfony.com/contributors"
                }
            ],
            "description": "Symfony Yaml Component",
            "homepage": "http://symfony.com",
            "time": "2013-07-21 20:19:01"
        }
    ],
    "packages-dev": [

    ],
    "aliases": [

    ],
    "minimum-stability": "stable",
    "stability-flags": {
        "dg/twitter-php": 20,
        "symfony/yaml": 20
    },
    "platform": [

    ],
    "platform-dev": [

    ]
}
